name: Patch special owner lock
on:
  push:
    paths:
      - '.github/trigger-special-owner-lock'
permissions:
  contents: write
jobs:
  patch:
    runs-on: ubuntu-latest
    steps:
      - uses: actions/checkout@v4
        with:
          ref: fix/special-owner-lock
      - name: Patch production files
        run: |
          python - <<'PY'
          from pathlib import Path

          p = Path('web_nav_server.py')
          text = p.read_text(encoding='utf-8')
          text = text.replace('''    popup_type: str = "",\n) -> Dict[str, Any]:\n    """统一录制页面内操作；popup 始终归属点击前的 active_page。"""\n''','''    popup_type: str = "",\n    owner_page: str = "",\n) -> Dict[str, Any]:\n    """统一录制页面内操作；popup/special 始终归属开始录制时的页面。"""\n''',1)
          text = text.replace('''    selected_popup_type = normalize_popup_type(popup_type) if mode == "popup" else ""\n    before = capture_state_without_graph_write()\n    graph = config.graphs.load()\n    stored_state = graph.get("states", {}).get(before["state"].get("page_name", ""))\n    active = {**stored_state, **before["state"]} if isinstance(stored_state, dict) else before["state"]\n    active_page = str(active.get("page_name") or before["state"].get("page_name") or "")\n    if not active_page:\n        raise ValueError("无法确定当前页面，不能保存页面操作。")\n''','''    selected_popup_type = normalize_popup_type(popup_type) if mode == "popup" else ""\n    locked_special_page = str(owner_page or "").strip() if mode == "special" else ""\n    before = capture_state_without_graph_write()\n    graph = config.graphs.load()\n    if mode == "special":\n        if not locked_special_page:\n            raise ValueError("special_operate 缺少开始录制时的 page_name，无法保证多步操作归属。")\n        stored_state = graph.get("states", {}).get(locked_special_page)\n        if not isinstance(stored_state, dict):\n            raise ValueError(f"special_operate 归属页面不存在：{locked_special_page}")\n        active = dict(stored_state)\n        active_page = locked_special_page\n    else:\n        stored_state = graph.get("states", {}).get(before["state"].get("page_name", ""))\n        active = {**stored_state, **before["state"]} if isinstance(stored_state, dict) else before["state"]\n        active_page = str(active.get("page_name") or before["state"].get("page_name") or "")\n    if not active_page:\n        raise ValueError("无法确定当前页面，不能保存页面操作。")\n''',1)
          text = text.replace('''        current = (\n            read_current_state(snapshot=before, graph=graph, active_page=active_page)\n            if mode in {"popup", "special"}\n            else read_current_state(capture=False)\n        )\n''','''        locked_snapshot = (\n            {"root": before["root"], "state": active}\n            if mode == "special"\n            else before\n        )\n        current = (\n            read_current_state(snapshot=locked_snapshot, graph=graph, active_page=active_page)\n            if mode in {"popup", "special"}\n            else read_current_state(capture=False)\n        )\n''',1)
          text = text.replace('''    state = graph.setdefault("states", {}).setdefault(active_page, before["state"])\n    state.update(before["state"])\n''','''    if mode == "special":\n        state = graph.setdefault("states", {}).get(active_page)\n        if not isinstance(state, dict):\n            raise ValueError(f"special_operate 归属页面不存在：{active_page}")\n    else:\n        state = graph.setdefault("states", {}).setdefault(active_page, before["state"])\n        state.update(before["state"])\n''',1)
          text = text.replace('''        return read_current_state(\n            snapshot={"root": after["root"], "state": before["state"]},\n            graph=graph,\n            active_page=active_page,\n            message="已记录 special_operate 当前步骤；继续点击可录制下一步。",\n        )\n''','''        return read_current_state(\n            snapshot={"root": after["root"], "state": dict(state)},\n            graph=graph,\n            active_page=active_page,\n            message="已记录 special_operate 当前步骤；当前弹窗/中间状态仅用于继续点击，不参与页面识别。",\n        )\n''',1)
          text = text.replace('''            effect=str(payload.get("effect") or "special_operate"),\n            manual_label=label,\n        )\n''','''            effect=str(payload.get("effect") or "special_operate"),\n            manual_label=label,\n            owner_page=str(payload.get("page_name") or ""),\n        )\n''',1)
          p.write_text(text, encoding='utf-8')

          p = Path('static/nav.js')
          text = p.read_text(encoding='utf-8')
          text = text.replace("? { ...point, operate: 'tap', effect: specialEffect(special.id, nextSpecialStep) }","? { ...point, page_name: special.pageName, operate: 'tap', effect: specialEffect(special.id, nextSpecialStep) }",1)
          p.write_text(text, encoding='utf-8')

          p = Path('templates/nav.html')
          text = p.read_text(encoding='utf-8')
          text = text.replace('<script type="module" src="../static/nav.js?v=graph-import-assets-25"></script>','<script type="module" src="../static/nav.js?v=special-owner-lock-26"></script>',1)
          p.write_text(text, encoding='utf-8')
          PY
          rm -f .github/workflows/patch-special-owner-lock.yml .github/trigger-special-owner-lock
          git config user.name 'github-actions[bot]'
          git config user.email '41898282+github-actions[bot]@users.noreply.github.com'
          git add web_nav_server.py static/nav.js templates/nav.html .github
          git commit -m 'Lock special recording to its owner page'
          git push origin HEAD:fix/special-owner-lock
